
Microsoft Visual Studio Solution File, Format Version 12.00
Project("{FAE04EC0-301F-11D3-BF4B-00C04F79EFBC}") = "RandomSentenceGenerator", "RandomSentenceGenerator\RandomSentenceGenerator.csproj", "{ABE86056-E535-4E16-AF0C-F95FE39B9753}"
EndProject
Global
	GlobalSection(SolutionConfigurationPlatforms) = preSolution
		Debug|Any CPU = Debug|Any CPU
		Release|Any CPU = Release|Any CPU
	EndGlobalSection
	GlobalSection(ProjectConfigurationPlatforms) = postSolution
		{ABE86056-E535-4E16-AF0C-F95FE39B9753}.Debug|Any CPU.ActiveCfg = Debug|Any CPU
		{ABE86056-E535-4E16-AF0C-F95FE39B9753}.Debug|Any CPU.Build.0 = Debug|Any CPU
		{ABE86056-E535-4E16-AF0C-F95FE39B9753}.Release|Any CPU.ActiveCfg = Release|Any CPU
		{ABE86056-E535-4E16-AF0C-F95FE39B9753}.Release|Any CPU.Build.0 = Release|Any CPU
	EndGlobalSection
EndGlobal
